
Microsoft Visual Studio Solution File, Format Version 12.00
# Visual Studio 15
VisualStudioVersion = 15.0.28307.572
MinimumVisualStudioVersion = 10.0.40219.1
Project("{FAE04EC0-301F-11D3-BF4B-00C04F79EFBC}") = "TestConsole", "TestConsole\TestConsole.csproj", "{349EEB9C-7E7A-42FD-ABD1-6D86713F2072}"
EndProject
Project("{2150E333-8FDC-42A3-9474-1A3956D46DE8}") = "Solution Items", "Solution Items", "{52BFCEA2-5B16-4F23-9696-373AC0BC5665}"
	ProjectSection(SolutionItems) = preProject
		Solution Items\KoenZomers.Omnik.Api.snk = Solution Items\KoenZomers.Omnik.Api.snk
	EndProjectSection
EndProject
Project("{2150E333-8FDC-42A3-9474-1A3956D46DE8}") = "Downloads", "Downloads", "{4F6DE60E-59C3-48CE-B65E-B87CA9A052C2}"
	ProjectSection(SolutionItems) = preProject
		Downloads\KoenZomers.Omnik.TestConsole.zip = Downloads\KoenZomers.Omnik.TestConsole.zip
	EndProjectSection
EndProject
Project("{2150E333-8FDC-42A3-9474-1A3956D46DE8}") = "Documentation", "Documentation", "{E067872F-E32D-49A0-B20B-69D62BAEDBD8}"
	ProjectSection(SolutionItems) = preProject
		README.md = README.md
	EndProjectSection
EndProject
Project("{FAE04EC0-301F-11D3-BF4B-00C04F79EFBC}") = "StandardApi", "StandardApi\StandardApi.csproj", "{1112105C-9D9F-4FDC-A457-42086C6E80A5}"
EndProject
Global
	GlobalSection(SolutionConfigurationPlatforms) = preSolution
		Debug|Any CPU = Debug|Any CPU
		Release|Any CPU = Release|Any CPU
	EndGlobalSection
	GlobalSection(ProjectConfigurationPlatforms) = postSolution
		{349EEB9C-7E7A-42FD-ABD1-6D86713F2072}.Debug|Any CPU.ActiveCfg = Debug|Any CPU
		{349EEB9C-7E7A-42FD-ABD1-6D86713F2072}.Debug|Any CPU.Build.0 = Debug|Any CPU
		{349EEB9C-7E7A-42FD-ABD1-6D86713F2072}.Release|Any CPU.ActiveCfg = Release|Any CPU
		{349EEB9C-7E7A-42FD-ABD1-6D86713F2072}.Release|Any CPU.Build.0 = Release|Any CPU
		{1112105C-9D9F-4FDC-A457-42086C6E80A5}.Debug|Any CPU.ActiveCfg = Debug|Any CPU
		{1112105C-9D9F-4FDC-A457-42086C6E80A5}.Debug|Any CPU.Build.0 = Debug|Any CPU
		{1112105C-9D9F-4FDC-A457-42086C6E80A5}.Release|Any CPU.ActiveCfg = Release|Any CPU
		{1112105C-9D9F-4FDC-A457-42086C6E80A5}.Release|Any CPU.Build.0 = Release|Any CPU
	EndGlobalSection
	GlobalSection(SolutionProperties) = preSolution
		HideSolutionNode = FALSE
	EndGlobalSection
	GlobalSection(ExtensibilityGlobals) = postSolution
		SolutionGuid = {E7378A8E-B6B2-44AE-BF6C-140F89770C94}
	EndGlobalSection
EndGlobal
